
Microsoft Visual Studio Solution File, Format Version 12.00
# Visual Studio Version 16
VisualStudioVersion = 16.0.30002.166
MinimumVisualStudioVersion = 10.0.40219.1
Project("{8BC9CEB8-8B4A-11D0-8D11-00A0C91BC942}") = "Tetris", "Tetris\Tetris.vcxproj", "{4AE98DBB-A79F-4271-943C-0ADA9D30BEF3}"
EndProject
Project("{8BC9CEB8-8B4A-11D0-8D11-00A0C91BC942}") = "Doodle Jump", "Doodle Jump\Doodle Jump.vcxproj", "{658549A2-468F-4D3F-847A-2CCFA7A5D521}"
EndProject
Project("{8BC9CEB8-8B4A-11D0-8D11-00A0C91BC942}") = "Arkanoid", "Arkanoid\Arkanoid.vcxproj", "{7E3391E3-0C05-4B64-97C4-E1BFFD374EF8}"
EndProject
Project("{8BC9CEB8-8B4A-11D0-8D11-00A0C91BC942}") = "Minesweeper", "Minesweeper\Minesweeper.vcxproj", "{48499EEF-2016-48AF-927F-3089658BC257}"
EndProject
Project("{8BC9CEB8-8B4A-11D0-8D11-00A0C91BC942}") = "Snake", "Snake\Snake.vcxproj", "{62F6833E-5278-4FA8-9EFA-33CC77E73705}"
EndProject
Project("{8BC9CEB8-8B4A-11D0-8D11-00A0C91BC942}") = "Asteroids", "Asteroids\Asteroids.vcxproj", "{CC410E44-D573-4104-96BF-FA6E58160DED}"
EndProject
Project("{8BC9CEB8-8B4A-11D0-8D11-00A0C91BC942}") = "Bejeweled", "Bejeweled\Bejeweled.vcxproj", "{0DA55915-66FE-44FA-9A80-AD4146DC845B}"
EndProject
Project("{8BC9CEB8-8B4A-11D0-8D11-00A0C91BC942}") = "Chess", "Chess\Chess.vcxproj", "{77C03FF5-EB3D-4B16-89DF-A7AA497369E9}"
EndProject
Project("{8BC9CEB8-8B4A-11D0-8D11-00A0C91BC942}") = "Fifteen-Puzzle", "Fifteen-Puzzle\Fifteen-Puzzle.vcxproj", "{7D5B2221-B6F4-45D6-948F-2EE997566984}"
EndProject
Project("{8BC9CEB8-8B4A-11D0-8D11-00A0C91BC942}") = "Mahjong Solitaire", "Mahjong Solitaire\Mahjong Solitaire.vcxproj", "{1886ABF3-FD8C-44C8-A226-24245EAF97F2}"
EndProject
Project("{8BC9CEB8-8B4A-11D0-8D11-00A0C91BC942}") = "NetWalk (Pipe Puzzle)", "NetWalk (Pipe Puzzle)\NetWalk (Pipe Puzzle).vcxproj", "{0F02B66E-9FA9-4547-9C9E-6DF86AB40A18}"
EndProject
Project("{8BC9CEB8-8B4A-11D0-8D11-00A0C91BC942}") = "Outrun", "Outrun\Outrun.vcxproj", "{D3079F44-9CD1-430F-880C-791B58E51CE5}"
EndProject
Project("{8BC9CEB8-8B4A-11D0-8D11-00A0C91BC942}") = "Racing", "Racing\Racing.vcxproj", "{3FCDCBA8-FAA0-4F62-A1AA-A2D63872441D}"
EndProject
Project("{8BC9CEB8-8B4A-11D0-8D11-00A0C91BC942}") = "Tron", "Tron\Tron.vcxproj", "{9B035686-D223-4642-8527-C3A7FBBEC657}"
EndProject
Project("{8BC9CEB8-8B4A-11D0-8D11-00A0C91BC942}") = "Xonix", "Xonix\Xonix.vcxproj", "{337BAD9B-B4BB-49CF-B54B-CDCDC6ADEA9C}"
EndProject
Global
	GlobalSection(SolutionConfigurationPlatforms) = preSolution
		Debug|x64 = Debug|x64
		Debug|x86 = Debug|x86
		Release|x64 = Release|x64
		Release|x86 = Release|x86
	EndGlobalSection
	GlobalSection(ProjectConfigurationPlatforms) = postSolution
		{4AE98DBB-A79F-4271-943C-0ADA9D30BEF3}.Debug|x64.ActiveCfg = Debug|x64
		{4AE98DBB-A79F-4271-943C-0ADA9D30BEF3}.Debug|x64.Build.0 = Debug|x64
		{4AE98DBB-A79F-4271-943C-0ADA9D30BEF3}.Debug|x86.ActiveCfg = Debug|Win32
		{4AE98DBB-A79F-4271-943C-0ADA9D30BEF3}.Debug|x86.Build.0 = Debug|Win32
		{4AE98DBB-A79F-4271-943C-0ADA9D30BEF3}.Release|x64.ActiveCfg = Release|x64
		{4AE98DBB-A79F-4271-943C-0ADA9D30BEF3}.Release|x64.Build.0 = Release|x64
		{4AE98DBB-A79F-4271-943C-0ADA9D30BEF3}.Release|x86.ActiveCfg = Release|Win32
		{4AE98DBB-A79F-4271-943C-0ADA9D30BEF3}.Release|x86.Build.0 = Release|Win32
		{658549A2-468F-4D3F-847A-2CCFA7A5D521}.Debug|x64.ActiveCfg = Debug|x64
		{658549A2-468F-4D3F-847A-2CCFA7A5D521}.Debug|x64.Build.0 = Debug|x64
		{658549A2-468F-4D3F-847A-2CCFA7A5D521}.Debug|x86.ActiveCfg = Debug|Win32
		{658549A2-468F-4D3F-847A-2CCFA7A5D521}.Debug|x86.Build.0 = Debug|Win32
		{658549A2-468F-4D3F-847A-2CCFA7A5D521}.Release|x64.ActiveCfg = Release|x64
		{658549A2-468F-4D3F-847A-2CCFA7A5D521}.Release|x64.Build.0 = Release|x64
		{658549A2-468F-4D3F-847A-2CCFA7A5D521}.Release|x86.ActiveCfg = Release|Win32
		{658549A2-468F-4D3F-847A-2CCFA7A5D521}.Release|x86.Build.0 = Release|Win32
		{7E3391E3-0C05-4B64-97C4-E1BFFD374EF8}.Debug|x64.ActiveCfg = Debug|x64
		{7E3391E3-0C05-4B64-97C4-E1BFFD374EF8}.Debug|x64.Build.0 = Debug|x64
		{7E3391E3-0C05-4B64-97C4-E1BFFD374EF8}.Debug|x86.ActiveCfg = Debug|Win32
		{7E3391E3-0C05-4B64-97C4-E1BFFD374EF8}.Debug|x86.Build.0 = Debug|Win32
		{7E3391E3-0C05-4B64-97C4-E1BFFD374EF8}.Release|x64.ActiveCfg = Release|x64
		{7E3391E3-0C05-4B64-97C4-E1BFFD374EF8}.Release|x64.Build.0 = Release|x64
		{7E3391E3-0C05-4B64-97C4-E1BFFD374EF8}.Release|x86.ActiveCfg = Release|Win32
		{7E3391E3-0C05-4B64-97C4-E1BFFD374EF8}.Release|x86.Build.0 = Release|Win32
		{48499EEF-2016-48AF-927F-3089658BC257}.Debug|x64.ActiveCfg = Debug|x64
		{48499EEF-2016-48AF-927F-3089658BC257}.Debug|x64.Build.0 = Debug|x64
		{48499EEF-2016-48AF-927F-3089658BC257}.Debug|x86.ActiveCfg = Debug|Win32
		{48499EEF-2016-48AF-927F-3089658BC257}.Debug|x86.Build.0 = Debug|Win32
		{48499EEF-2016-48AF-927F-3089658BC257}.Release|x64.ActiveCfg = Release|x64
		{48499EEF-2016-48AF-927F-3089658BC257}.Release|x64.Build.0 = Release|x64
		{48499EEF-2016-48AF-927F-3089658BC257}.Release|x86.ActiveCfg = Release|Win32
		{48499EEF-2016-48AF-927F-3089658BC257}.Release|x86.Build.0 = Release|Win32
		{62F6833E-5278-4FA8-9EFA-33CC77E73705}.Debug|x64.ActiveCfg = Debug|x64
		{62F6833E-5278-4FA8-9EFA-33CC77E73705}.Debug|x64.Build.0 = Debug|x64
		{62F6833E-5278-4FA8-9EFA-33CC77E73705}.Debug|x86.ActiveCfg = Debug|Win32
		{62F6833E-5278-4FA8-9EFA-33CC77E73705}.Debug|x86.Build.0 = Debug|Win32
		{62F6833E-5278-4FA8-9EFA-33CC77E73705}.Release|x64.ActiveCfg = Release|x64
		{62F6833E-5278-4FA8-9EFA-33CC77E73705}.Release|x64.Build.0 = Release|x64
		{62F6833E-5278-4FA8-9EFA-33CC77E73705}.Release|x86.ActiveCfg = Release|Win32
		{62F6833E-5278-4FA8-9EFA-33CC77E73705}.Release|x86.Build.0 = Release|Win32
		{CC410E44-D573-4104-96BF-FA6E58160DED}.Debug|x64.ActiveCfg = Debug|x64
		{CC410E44-D573-4104-96BF-FA6E58160DED}.Debug|x64.Build.0 = Debug|x64
		{CC410E44-D573-4104-96BF-FA6E58160DED}.Debug|x86.ActiveCfg = Debug|Win32
		{CC410E44-D573-4104-96BF-FA6E58160DED}.Debug|x86.Build.0 = Debug|Win32
		{CC410E44-D573-4104-96BF-FA6E58160DED}.Release|x64.ActiveCfg = Release|x64
		{CC410E44-D573-4104-96BF-FA6E58160DED}.Release|x64.Build.0 = Release|x64
		{CC410E44-D573-4104-96BF-FA6E58160DED}.Release|x86.ActiveCfg = Release|Win32
		{CC410E44-D573-4104-96BF-FA6E58160DED}.Release|x86.Build.0 = Release|Win32
		{0DA55915-66FE-44FA-9A80-AD4146DC845B}.Debug|x64.ActiveCfg = Debug|x64
		{0DA55915-66FE-44FA-9A80-AD4146DC845B}.Debug|x64.Build.0 = Debug|x64
		{0DA55915-66FE-44FA-9A80-AD4146DC845B}.Debug|x86.ActiveCfg = Debug|Win32
		{0DA55915-66FE-44FA-9A80-AD4146DC845B}.Debug|x86.Build.0 = Debug|Win32
		{0DA55915-66FE-44FA-9A80-AD4146DC845B}.Release|x64.ActiveCfg = Release|x64
		{0DA55915-66FE-44FA-9A80-AD4146DC845B}.Release|x64.Build.0 = Release|x64
		{0DA55915-66FE-44FA-9A80-AD4146DC845B}.Release|x86.ActiveCfg = Release|Win32
		{0DA55915-66FE-44FA-9A80-AD4146DC845B}.Release|x86.Build.0 = Release|Win32
		{77C03FF5-EB3D-4B16-89DF-A7AA497369E9}.Debug|x64.ActiveCfg = Debug|x64
		{77C03FF5-EB3D-4B16-89DF-A7AA497369E9}.Debug|x64.Build.0 = Debug|x64
		{77C03FF5-EB3D-4B16-89DF-A7AA497369E9}.Debug|x86.ActiveCfg = Debug|Win32
		{77C03FF5-EB3D-4B16-89DF-A7AA497369E9}.Debug|x86.Build.0 = Debug|Win32
		{77C03FF5-EB3D-4B16-89DF-A7AA497369E9}.Release|x64.ActiveCfg = Release|x64
		{77C03FF5-EB3D-4B16-89DF-A7AA497369E9}.Release|x64.Build.0 = Release|x64
		{77C03FF5-EB3D-4B16-89DF-A7AA497369E9}.Release|x86.ActiveCfg = Release|Win32
		{77C03FF5-EB3D-4B16-89DF-A7AA497369E9}.Release|x86.Build.0 = Release|Win32
		{7D5B2221-B6F4-45D6-948F-2EE997566984}.Debug|x64.ActiveCfg = Debug|x64
		{7D5B2221-B6F4-45D6-948F-2EE997566984}.Debug|x64.Build.0 = Debug|x64
		{7D5B2221-B6F4-45D6-948F-2EE997566984}.Debug|x86.ActiveCfg = Debug|Win32
		{7D5B2221-B6F4-45D6-948F-2EE997566984}.Debug|x86.Build.0 = Debug|Win32
		{7D5B2221-B6F4-45D6-948F-2EE997566984}.Release|x64.ActiveCfg = Release|x64
		{7D5B2221-B6F4-45D6-948F-2EE997566984}.Release|x64.Build.0 = Release|x64
		{7D5B2221-B6F4-45D6-948F-2EE997566984}.Release|x86.ActiveCfg = Release|Win32
		{7D5B2221-B6F4-45D6-948F-2EE997566984}.Release|x86.Build.0 = Release|Win32
		{1886ABF3-FD8C-44C8-A226-24245EAF97F2}.Debug|x64.ActiveCfg = Debug|x64
		{1886ABF3-FD8C-44C8-A226-24245EAF97F2}.Debug|x64.Build.0 = Debug|x64
		{1886ABF3-FD8C-44C8-A226-24245EAF97F2}.Debug|x86.ActiveCfg = Debug|Win32
		{1886ABF3-FD8C-44C8-A226-24245EAF97F2}.Debug|x86.Build.0 = Debug|Win32
		{1886ABF3-FD8C-44C8-A226-24245EAF97F2}.Release|x64.ActiveCfg = Release|x64
		{1886ABF3-FD8C-44C8-A226-24245EAF97F2}.Release|x64.Build.0 = Release|x64
		{1886ABF3-FD8C-44C8-A226-24245EAF97F2}.Release|x86.ActiveCfg = Release|Win32
		{1886ABF3-FD8C-44C8-A226-24245EAF97F2}.Release|x86.Build.0 = Release|Win32
		{0F02B66E-9FA9-4547-9C9E-6DF86AB40A18}.Debug|x64.ActiveCfg = Debug|x64
		{0F02B66E-9FA9-4547-9C9E-6DF86AB40A18}.Debug|x64.Build.0 = Debug|x64
		{0F02B66E-9FA9-4547-9C9E-6DF86AB40A18}.Debug|x86.ActiveCfg = Debug|Win32
		{0F02B66E-9FA9-4547-9C9E-6DF86AB40A18}.Debug|x86.Build.0 = Debug|Win32
		{0F02B66E-9FA9-4547-9C9E-6DF86AB40A18}.Release|x64.ActiveCfg = Release|x64
		{0F02B66E-9FA9-4547-9C9E-6DF86AB40A18}.Release|x64.Build.0 = Release|x64
		{0F02B66E-9FA9-4547-9C9E-6DF86AB40A18}.Release|x86.ActiveCfg = Release|Win32
		{0F02B66E-9FA9-4547-9C9E-6DF86AB40A18}.Release|x86.Build.0 = Release|Win32
		{D3079F44-9CD1-430F-880C-791B58E51CE5}.Debug|x64.ActiveCfg = Debug|x64
		{D3079F44-9CD1-430F-880C-791B58E51CE5}.Debug|x64.Build.0 = Debug|x64
		{D3079F44-9CD1-430F-880C-791B58E51CE5}.Debug|x86.ActiveCfg = Debug|Win32
		{D3079F44-9CD1-430F-880C-791B58E51CE5}.Debug|x86.Build.0 = Debug|Win32
		{D3079F44-9CD1-430F-880C-791B58E51CE5}.Release|x64.ActiveCfg = Release|x64
		{D3079F44-9CD1-430F-880C-791B58E51CE5}.Release|x64.Build.0 = Release|x64
		{D3079F44-9CD1-430F-880C-791B58E51CE5}.Release|x86.ActiveCfg = Release|Win32
		{D3079F44-9CD1-430F-880C-791B58E51CE5}.Release|x86.Build.0 = Release|Win32
		{3FCDCBA8-FAA0-4F62-A1AA-A2D63872441D}.Debug|x64.ActiveCfg = Debug|x64
		{3FCDCBA8-FAA0-4F62-A1AA-A2D63872441D}.Debug|x64.Build.0 = Debug|x64
		{3FCDCBA8-FAA0-4F62-A1AA-A2D63872441D}.Debug|x86.ActiveCfg = Debug|Win32
		{3FCDCBA8-FAA0-4F62-A1AA-A2D63872441D}.Debug|x86.Build.0 = Debug|Win32
		{3FCDCBA8-FAA0-4F62-A1AA-A2D63872441D}.Release|x64.ActiveCfg = Release|x64
		{3FCDCBA8-FAA0-4F62-A1AA-A2D63872441D}.Release|x64.Build.0 = Release|x64
		{3FCDCBA8-FAA0-4F62-A1AA-A2D63872441D}.Release|x86.ActiveCfg = Release|Win32
		{3FCDCBA8-FAA0-4F62-A1AA-A2D63872441D}.Release|x86.Build.0 = Release|Win32
		{9B035686-D223-4642-8527-C3A7FBBEC657}.Debug|x64.ActiveCfg = Debug|x64
		{9B035686-D223-4642-8527-C3A7FBBEC657}.Debug|x64.Build.0 = Debug|x64
		{9B035686-D223-4642-8527-C3A7FBBEC657}.Debug|x86.ActiveCfg = Debug|Win32
		{9B035686-D223-4642-8527-C3A7FBBEC657}.Debug|x86.Build.0 = Debug|Win32
		{9B035686-D223-4642-8527-C3A7FBBEC657}.Release|x64.ActiveCfg = Release|x64
		{9B035686-D223-4642-8527-C3A7FBBEC657}.Release|x64.Build.0 = Release|x64
		{9B035686-D223-4642-8527-C3A7FBBEC657}.Release|x86.ActiveCfg = Release|Win32
		{9B035686-D223-4642-8527-C3A7FBBEC657}.Release|x86.Build.0 = Release|Win32
		{337BAD9B-B4BB-49CF-B54B-CDCDC6ADEA9C}.Debug|x64.ActiveCfg = Debug|x64
		{337BAD9B-B4BB-49CF-B54B-CDCDC6ADEA9C}.Debug|x64.Build.0 = Debug|x64
		{337BAD9B-B4BB-49CF-B54B-CDCDC6ADEA9C}.Debug|x86.ActiveCfg = Debug|Win32
		{337BAD9B-B4BB-49CF-B54B-CDCDC6ADEA9C}.Debug|x86.Build.0 = Debug|Win32
		{337BAD9B-B4BB-49CF-B54B-CDCDC6ADEA9C}.Release|x64.ActiveCfg = Release|x64
		{337BAD9B-B4BB-49CF-B54B-CDCDC6ADEA9C}.Release|x64.Build.0 = Release|x64
		{337BAD9B-B4BB-49CF-B54B-CDCDC6ADEA9C}.Release|x86.ActiveCfg = Release|Win32
		{337BAD9B-B4BB-49CF-B54B-CDCDC6ADEA9C}.Release|x86.Build.0 = Release|Win32
	EndGlobalSection
	GlobalSection(SolutionProperties) = preSolution
		HideSolutionNode = FALSE
	EndGlobalSection
	GlobalSection(ExtensibilityGlobals) = postSolution
		SolutionGuid = {ECA535E5-E897-43AB-BF48-541C30B832C1}
	EndGlobalSection
EndGlobal
